
Microsoft Visual Studio Solution File, Format Version 12.00
# Visual Studio Version 16
VisualStudioVersion = 16.0.29123.88
MinimumVisualStudioVersion = 10.0.40219.1
Project("{FAE04EC0-301F-11D3-BF4B-00C04F79EFBC}") = "NoSQL LiteDB Sample Application", "NoSQL LiteDB Sample Application\NoSQL LiteDB Sample Application.csproj", "{4A37503B-3AE0-4AD6-9ECC-CE2B4CDA513A}"
EndProject
Global
	GlobalSection(SolutionConfigurationPlatforms) = preSolution
		Debug|Any CPU = Debug|Any CPU
		Release|Any CPU = Release|Any CPU
	EndGlobalSection
	GlobalSection(ProjectConfigurationPlatforms) = postSolution
		{4A37503B-3AE0-4AD6-9ECC-CE2B4CDA513A}.Debug|Any CPU.ActiveCfg = Debug|Any CPU
		{4A37503B-3AE0-4AD6-9ECC-CE2B4CDA513A}.Debug|Any CPU.Build.0 = Debug|Any CPU
		{4A37503B-3AE0-4AD6-9ECC-CE2B4CDA513A}.Release|Any CPU.ActiveCfg = Release|Any CPU
		{4A37503B-3AE0-4AD6-9ECC-CE2B4CDA513A}.Release|Any CPU.Build.0 = Release|Any CPU
	EndGlobalSection
	GlobalSection(SolutionProperties) = preSolution
		HideSolutionNode = FALSE
	EndGlobalSection
	GlobalSection(ExtensibilityGlobals) = postSolution
		SolutionGuid = {23F711FD-3A35-4777-8A6A-5EBFD2983909}
	EndGlobalSection
EndGlobal
